
Microsoft Visual Studio Solution File, Format Version 12.00
# Visual Studio Version 17
VisualStudioVersion = 17.13.35825.156 d17.13
MinimumVisualStudioVersion = 10.0.40219.1
Project("{FAE04EC0-301F-11D3-BF4B-00C04F79EFBC}") = "LuceneExample", "LuceneExample\LuceneExample.csproj", "{889CB0CD-BE9C-4DBC-BFE3-B651FFE5541A}"
EndProject
Global
	GlobalSection(SolutionConfigurationPlatforms) = preSolution
		Debug|Any CPU = Debug|Any CPU
		Release|Any CPU = Release|Any CPU
	EndGlobalSection
	GlobalSection(ProjectConfigurationPlatforms) = postSolution
		{889CB0CD-BE9C-4DBC-BFE3-B651FFE5541A}.Debug|Any CPU.ActiveCfg = Debug|Any CPU
		{889CB0CD-BE9C-4DBC-BFE3-B651FFE5541A}.Debug|Any CPU.Build.0 = Debug|Any CPU
		{889CB0CD-BE9C-4DBC-BFE3-B651FFE5541A}.Release|Any CPU.ActiveCfg = Release|Any CPU
		{889CB0CD-BE9C-4DBC-BFE3-B651FFE5541A}.Release|Any CPU.Build.0 = Release|Any CPU
	EndGlobalSection
	GlobalSection(SolutionProperties) = preSolution
		HideSolutionNode = FALSE
	EndGlobalSection
	GlobalSection(ExtensibilityGlobals) = postSolution
		SolutionGuid = {2D96DFED-DBF9-4BBA-9DAE-CFBFD0827DE7}
	EndGlobalSection
EndGlobal
